{
  "name": "test-netlify-redirector",
  "version": "1.0.0",
  "lockfileVersion": 1,
  "requires": true,
  "dependencies": {
    "netlify-redirector": {
      "version": "0.2.0",
      "resolved": "https://registry.npmjs.org/netlify-redirector/-/netlify-redirector-0.2.0.tgz",
      "integrity": "sha512-5SSUu++MXvE/tik90Hx7lzISBHCl5k4TqpVeTuBEoHp5K7uWitY7c3MjPNiY3kB83GSZiTNLbuIY7bo6mpyU3Q=="
    }
  }
}
